
Microsoft Visual Studio Solution File, Format Version 12.00
# Visual Studio Version 16
VisualStudioVersion = 16.0.29806.167
MinimumVisualStudioVersion = 10.0.40219.1
Project("{9A19103F-16F7-4668-BE54-9A1E7A4F7556}") = "PCAxis.Metadata", "PCAxis.Metadata\PCAxis.Metadata.csproj", "{14BD012B-836D-496D-9A06-3AB6121C614B}"
EndProject
Project("{FAE04EC0-301F-11D3-BF4B-00C04F79EFBC}") = "PCAxis.Metadata.UnitTest", "PCAxis.Metadata.UnitTest\PCAxis.Metadata.UnitTest.csproj", "{12FBA2AC-8EEB-4525-B3D1-C4A9A5177ABA}"
EndProject
Global
	GlobalSection(SolutionConfigurationPlatforms) = preSolution
		Debug|Any CPU = Debug|Any CPU
		Release|Any CPU = Release|Any CPU
	EndGlobalSection
	GlobalSection(ProjectConfigurationPlatforms) = postSolution
		{14BD012B-836D-496D-9A06-3AB6121C614B}.Debug|Any CPU.ActiveCfg = Debug|Any CPU
		{14BD012B-836D-496D-9A06-3AB6121C614B}.Debug|Any CPU.Build.0 = Debug|Any CPU
		{14BD012B-836D-496D-9A06-3AB6121C614B}.Release|Any CPU.ActiveCfg = Release|Any CPU
		{14BD012B-836D-496D-9A06-3AB6121C614B}.Release|Any CPU.Build.0 = Release|Any CPU
		{12FBA2AC-8EEB-4525-B3D1-C4A9A5177ABA}.Debug|Any CPU.ActiveCfg = Debug|Any CPU
		{12FBA2AC-8EEB-4525-B3D1-C4A9A5177ABA}.Debug|Any CPU.Build.0 = Debug|Any CPU
		{12FBA2AC-8EEB-4525-B3D1-C4A9A5177ABA}.Release|Any CPU.ActiveCfg = Release|Any CPU
		{12FBA2AC-8EEB-4525-B3D1-C4A9A5177ABA}.Release|Any CPU.Build.0 = Release|Any CPU
	EndGlobalSection
	GlobalSection(SolutionProperties) = preSolution
		HideSolutionNode = FALSE
	EndGlobalSection
	GlobalSection(ExtensibilityGlobals) = postSolution
		SolutionGuid = {43B9FCD3-175F-41A5-AF56-42CE17901477}
	EndGlobalSection
EndGlobal
